// !$*UTF8*$!
{
	archiveVersion = 1;
	classes = {
	};
	objectVersion = 50;
	objects = {

/* Begin PBXBuildFile section */
		3F28F79D26BD2A9400F1050A /* UIImage.swift in Sources */ = {isa = PBXBuildFile; fileRef = 3F28F79C26BD2A9400F1050A /* UIImage.swift */; };
		3FA214B726B0DB320036633F /* SelectProductView.swift in Sources */ = {isa = PBXBuildFile; fileRef = 3FA214B526B0DB320036633F /* SelectProductView.swift */; };
		3FA214B826B0DB320036633F /* SelectProductView.xib in Resources */ = {isa = PBXBuildFile; fileRef = 3FA214B626B0DB320036633F /* SelectProductView.xib */; };
		3FE725FD26A96F7A009F4D32 /* PembayaranViewController.swift in Sources */ = {isa = PBXBuildFile; fileRef = 3FE725FC26A96F7A009F4D32 /* PembayaranViewController.swift */; };
		3FF1EE7D26AE284000F4F122 /* DetectedProductView.swift in Sources */ = {isa = PBXBuildFile; fileRef = 3FF1EE7B26AE284000F4F122 /* DetectedProductView.swift */; };
		3FF1EE7E26AE284000F4F122 /* DetectedProductView.xib in Resources */ = {isa = PBXBuildFile; fileRef = 3FF1EE7C26AE284000F4F122 /* DetectedProductView.xib */; };
		BD02C9E526D197480028AB3B /* ProductItem+CoreDataProperties.swift in Sources */ = {isa = PBXBuildFile; fileRef = BD02C9E426D197480028AB3B /* ProductItem+CoreDataProperties.swift */; };
		BD02C9EC26D1B4230028AB3B /* Interface.storyboard in Resources */ = {isa = PBXBuildFile; fileRef = BD02C9EA26D1B4230028AB3B /* Interface.storyboard */; };
		BD02C9EE26D1B4240028AB3B /* Assets.xcassets in Resources */ = {isa = PBXBuildFile; fileRef = BD02C9ED26D1B4240028AB3B /* Assets.xcassets */; };
		BD02C9F526D1B4240028AB3B /* iWarung watchOS Extension.appex in Embed App Extensions */ = {isa = PBXBuildFile; fileRef = BD02C9F426D1B4240028AB3B /* iWarung watchOS Extension.appex */; settings = {ATTRIBUTES = (RemoveHeadersOnCopy, ); }; };
		BD02C9FA26D1B4240028AB3B /* InterfaceController.swift in Sources */ = {isa = PBXBuildFile; fileRef = BD02C9F926D1B4240028AB3B /* InterfaceController.swift */; };
		BD02C9FC26D1B4240028AB3B /* ExtensionDelegate.swift in Sources */ = {isa = PBXBuildFile; fileRef = BD02C9FB26D1B4240028AB3B /* ExtensionDelegate.swift */; };
		BD02C9FE26D1B4240028AB3B /* NotificationController.swift in Sources */ = {isa = PBXBuildFile; fileRef = BD02C9FD26D1B4240028AB3B /* NotificationController.swift */; };
		BD02CA0026D1B4240028AB3B /* ComplicationController.swift in Sources */ = {isa = PBXBuildFile; fileRef = BD02C9FF26D1B4240028AB3B /* ComplicationController.swift */; };
		BD02CA0226D1B4250028AB3B /* Assets.xcassets in Resources */ = {isa = PBXBuildFile; fileRef = BD02CA0126D1B4250028AB3B /* Assets.xcassets */; };
		BD02CA0726D1B4250028AB3B /* iWarung watchOS.app in Embed Watch Content */ = {isa = PBXBuildFile; fileRef = BD02C9E826D1B4230028AB3B /* iWarung watchOS.app */; settings = {ATTRIBUTES = (RemoveHeadersOnCopy, ); }; };
		BD1CF23F26AC99F9001B7EC8 /* TransaksiSelesaiPasView.xib in Resources */ = {isa = PBXBuildFile; fileRef = BD1CF23E26AC99F9001B7EC8 /* TransaksiSelesaiPasView.xib */; };
		BD1CF24526ACAEA9001B7EC8 /* TransaksiSelesaiPasView.swift in Sources */ = {isa = PBXBuildFile; fileRef = BD1CF24426ACAEA9001B7EC8 /* TransaksiSelesaiPasView.swift */; };
		BD1CF24726ACB279001B7EC8 /* UIApplication.swift in Sources */ = {isa = PBXBuildFile; fileRef = BD1CF24626ACB279001B7EC8 /* UIApplication.swift */; };
		BD1FB09B26BB188200648B18 /* Int.swift in Sources */ = {isa = PBXBuildFile; fileRef = BD1FB09A26BB188200648B18 /* Int.swift */; };
		BD1FB09D26BB1DBD00648B18 /* Date.swift in Sources */ = {isa = PBXBuildFile; fileRef = BD1FB09C26BB1DBD00648B18 /* Date.swift */; };
		BD1FFF3126AB604100EB9AAD /* KeranjangCell.swift in Sources */ = {isa = PBXBuildFile; fileRef = BD1FFF2F26AB604100EB9AAD /* KeranjangCell.swift */; };
		BD1FFF3226AB604100EB9AAD /* KeranjangCell.xib in Resources */ = {isa = PBXBuildFile; fileRef = BD1FFF3026AB604100EB9AAD /* KeranjangCell.xib */; };
		BD1FFF3426AB65F800EB9AAD /* Product.swift in Sources */ = {isa = PBXBuildFile; fileRef = BD1FFF3326AB65F800EB9AAD /* Product.swift */; };
		BD1FFF3926AB957100EB9AAD /* UIViewController.swift in Sources */ = {isa = PBXBuildFile; fileRef = BD1FFF3826AB957100EB9AAD /* UIViewController.swift */; };
		BD1FFF3B26AC237A00EB9AAD /* UIView.swift in Sources */ = {isa = PBXBuildFile; fileRef = BD1FFF3A26AC237A00EB9AAD /* UIView.swift */; };
		BD1FFF3D26AC24D300EB9AAD /* UIColor.swift in Sources */ = {isa = PBXBuildFile; fileRef = BD1FFF3C26AC24D300EB9AAD /* UIColor.swift */; };
		BD38922726D2DCE5005D2BF6 /* StokKurangTableController.swift in Sources */ = {isa = PBXBuildFile; fileRef = BD38922626D2DCE5005D2BF6 /* StokKurangTableController.swift */; };
		BD38922926D2DD4D005D2BF6 /* StokKurangInterfaceController.swift in Sources */ = {isa = PBXBuildFile; fileRef = BD38922826D2DD4D005D2BF6 /* StokKurangInterfaceController.swift */; };
		BD38922B26D2E81E005D2BF6 /* WatchManager.swift in Sources */ = {isa = PBXBuildFile; fileRef = BD38922A26D2E81E005D2BF6 /* WatchManager.swift */; };
		BD3A595726B249C400BA4234 /* UISegmented.swift in Sources */ = {isa = PBXBuildFile; fileRef = BD3A595626B249C400BA4234 /* UISegmented.swift */; };
		BD52321A26C46AEF00B4795A /* UserDefault.swift in Sources */ = {isa = PBXBuildFile; fileRef = BD52321926C46AEF00B4795A /* UserDefault.swift */; };
		BD5AC58526A369F400A52336 /* AppDelegate.swift in Sources */ = {isa = PBXBuildFile; fileRef = BD5AC58426A369F400A52336 /* AppDelegate.swift */; };
		BD5AC58726A369F400A52336 /* SceneDelegate.swift in Sources */ = {isa = PBXBuildFile; fileRef = BD5AC58626A369F400A52336 /* SceneDelegate.swift */; };
		BD5AC58926A369F400A52336 /* ViewController.swift in Sources */ = {isa = PBXBuildFile; fileRef = BD5AC58826A369F400A52336 /* ViewController.swift */; };
		BD5AC58C26A369F400A52336 /* Main.storyboard in Resources */ = {isa = PBXBuildFile; fileRef = BD5AC58A26A369F400A52336 /* Main.storyboard */; };
		BD5AC58F26A369F400A52336 /* iWarung.xcdatamodeld in Sources */ = {isa = PBXBuildFile; fileRef = BD5AC58D26A369F400A52336 /* iWarung.xcdatamodeld */; };
		BD5AC59126A369F500A52336 /* Assets.xcassets in Resources */ = {isa = PBXBuildFile; fileRef = BD5AC59026A369F500A52336 /* Assets.xcassets */; };
		BD5AC59426A369F500A52336 /* LaunchScreen.storyboard in Resources */ = {isa = PBXBuildFile; fileRef = BD5AC59226A369F500A52336 /* LaunchScreen.storyboard */; };
		BD726E3026B5EBBB00EAFD14 /* SBCardPopUpViewController.swift in Sources */ = {isa = PBXBuildFile; fileRef = BD726E2F26B5EBBB00EAFD14 /* SBCardPopUpViewController.swift */; };
		BD726E3226B5EC4F00EAFD14 /* CameraInactivePopUpViewController.swift in Sources */ = {isa = PBXBuildFile; fileRef = BD726E3126B5EC4F00EAFD14 /* CameraInactivePopUpViewController.swift */; };
		BD726E3526B60CB100EAFD14 /* PopUpDelegate.swift in Sources */ = {isa = PBXBuildFile; fileRef = BD726E3426B60CB100EAFD14 /* PopUpDelegate.swift */; };
		BD74BCB026A4820B00E3EE75 /* constants.swift in Sources */ = {isa = PBXBuildFile; fileRef = BD74BCAF26A4820B00E3EE75 /* constants.swift */; };
		BD85A2D126A9F72600FE1B9C /* Keranjang.storyboard in Resources */ = {isa = PBXBuildFile; fileRef = BD85A2D026A9F72600FE1B9C /* Keranjang.storyboard */; };
		BD85A2D326A9F74B00FE1B9C /* KeranjangViewController.swift in Sources */ = {isa = PBXBuildFile; fileRef = BD85A2D226A9F74B00FE1B9C /* KeranjangViewController.swift */; };
		BD87042026D44BE000DE5562 /* WatchSessionManager.swift in Sources */ = {isa = PBXBuildFile; fileRef = BD87041F26D44BE000DE5562 /* WatchSessionManager.swift */; };
		BD87042126D44BE800DE5562 /* WatchSessionManager.swift in Sources */ = {isa = PBXBuildFile; fileRef = BD87041F26D44BE000DE5562 /* WatchSessionManager.swift */; };
		BD9023E326BEE57E00976CF1 /* String.swift in Sources */ = {isa = PBXBuildFile; fileRef = BD9023E226BEE57E00976CF1 /* String.swift */; };
		BDB37A0B26C2257200BDF9C2 /* Pembayaran.storyboard in Resources */ = {isa = PBXBuildFile; fileRef = BDB379EC26C2257200BDF9C2 /* Pembayaran.storyboard */; };
		BDB39A3826ADD05800296909 /* DaftarProduk.storyboard in Resources */ = {isa = PBXBuildFile; fileRef = BDB39A3726ADD05800296909 /* DaftarProduk.storyboard */; };
		BDB39A3A26ADD06F00296909 /* DaftarProdukViewController.swift in Sources */ = {isa = PBXBuildFile; fileRef = BDB39A3926ADD06F00296909 /* DaftarProdukViewController.swift */; };
		BDC490EE26C1BDC000825792 /* ReciptListProductTableViewCell.swift in Sources */ = {isa = PBXBuildFile; fileRef = BDC490EC26C1BDC000825792 /* ReciptListProductTableViewCell.swift */; };
		BDC490EF26C1BDC000825792 /* ReciptListProductTableViewCell.xib in Resources */ = {isa = PBXBuildFile; fileRef = BDC490ED26C1BDC000825792 /* ReciptListProductTableViewCell.xib */; };
		BDC490F626C1BE5800825792 /* ReciptHeaderTableViewCell.swift in Sources */ = {isa = PBXBuildFile; fileRef = BDC490F426C1BE5800825792 /* ReciptHeaderTableViewCell.swift */; };
		BDC490F726C1BE5800825792 /* ReciptHeaderTableViewCell.xib in Resources */ = {isa = PBXBuildFile; fileRef = BDC490F526C1BE5800825792 /* ReciptHeaderTableViewCell.xib */; };
		BDC490FB26C1BE7300825792 /* ReciptFooterTableViewCell.swift in Sources */ = {isa = PBXBuildFile; fileRef = BDC490F926C1BE7300825792 /* ReciptFooterTableViewCell.swift */; };
		BDC490FC26C1BE7300825792 /* ReciptFooterTableViewCell.xib in Resources */ = {isa = PBXBuildFile; fileRef = BDC490FA26C1BE7300825792 /* ReciptFooterTableViewCell.xib */; };
		BDC4910026C1C35E00825792 /* ReciptViewController.swift in Sources */ = {isa = PBXBuildFile; fileRef = BDC490FF26C1C35E00825792 /* ReciptViewController.swift */; };
		BDC4910226C1D3AD00825792 /* Recipt.storyboard in Resources */ = {isa = PBXBuildFile; fileRef = BDC4910126C1D3AD00825792 /* Recipt.storyboard */; };
		BDC625C626AD507300E44675 /* TambahProdukScan.storyboard in Resources */ = {isa = PBXBuildFile; fileRef = BDC625C526AD507300E44675 /* TambahProdukScan.storyboard */; };
		BDC625C826AD509500E44675 /* TambahProdukScanViewController.swift in Sources */ = {isa = PBXBuildFile; fileRef = BDC625C726AD509500E44675 /* TambahProdukScanViewController.swift */; };
		BDC8DFA226AC2886008310AA /* UIButton.swift in Sources */ = {isa = PBXBuildFile; fileRef = BDC8DFA126AC2886008310AA /* UIButton.swift */; };
		BDC8DFA426AC6C1E008310AA /* UITextField.swift in Sources */ = {isa = PBXBuildFile; fileRef = BDC8DFA326AC6C1E008310AA /* UITextField.swift */; };
		BDC8DFA626AC8D3B008310AA /* PresentationController.swift in Sources */ = {isa = PBXBuildFile; fileRef = BDC8DFA526AC8D3B008310AA /* PresentationController.swift */; };
		BDE43C2126AF4283004CF3CC /* Onboarding.storyboard in Resources */ = {isa = PBXBuildFile; fileRef = BDE43C2026AF4283004CF3CC /* Onboarding.storyboard */; };
		BDE43C2326AF4947004CF3CC /* OnboardingViewController.swift in Sources */ = {isa = PBXBuildFile; fileRef = BDE43C2226AF4947004CF3CC /* OnboardingViewController.swift */; };
		BDE43C2526AF4B36004CF3CC /* Onboarding.swift in Sources */ = {isa = PBXBuildFile; fileRef = BDE43C2426AF4B36004CF3CC /* Onboarding.swift */; };
		BDE43C2726AF515E004CF3CC /* Core.swift in Sources */ = {isa = PBXBuildFile; fileRef = BDE43C2626AF515E004CF3CC /* Core.swift */; };
		BDEA921D26AE7A6A00157FA6 /* KeranjangPopUp.xib in Resources */ = {isa = PBXBuildFile; fileRef = BDEA921C26AE7A6A00157FA6 /* KeranjangPopUp.xib */; };
		BDEA921F26AE7B7A00157FA6 /* KeranjangPopUp.swift in Sources */ = {isa = PBXBuildFile; fileRef = BDEA921E26AE7B7A00157FA6 /* KeranjangPopUp.swift */; };
		E7194C4C26ADD7D70018B189 /* TambahProdukFormViewController.swift in Sources */ = {isa = PBXBuildFile; fileRef = E7194C4B26ADD7D70018B189 /* TambahProdukFormViewController.swift */; };
		E7194C5626AFD3D50018B189 /* TambahProdukForm.storyboard in Resources */ = {isa = PBXBuildFile; fileRef = E7194C5526AFD3D50018B189 /* TambahProdukForm.storyboard */; };
		E71B13D326BD6E870023245A /* ProductModel.swift in Sources */ = {isa = PBXBuildFile; fileRef = E71B13D226BD6E870023245A /* ProductModel.swift */; };
		E7AF66B426B165B00039A44B /* ProductItemViewCell.swift in Sources */ = {isa = PBXBuildFile; fileRef = E7AF66B226B165B00039A44B /* ProductItemViewCell.swift */; };
		E7AF66B526B165B00039A44B /* ProductItemViewCell.xib in Resources */ = {isa = PBXBuildFile; fileRef = E7AF66B326B165B00039A44B /* ProductItemViewCell.xib */; };
		E7AF66B826B213E20039A44B /* Persisten.swift in Sources */ = {isa = PBXBuildFile; fileRef = E7AF66B726B213E20039A44B /* Persisten.swift */; };
		E7AF66BF26B427C00039A44B /* ProductItem+CoreDataClass.swift in Sources */ = {isa = PBXBuildFile; fileRef = E7AF66BD26B427C00039A44B /* ProductItem+CoreDataClass.swift */; };
		E7AF672726BAAB240039A44B /* KeranjangModel.swift in Sources */ = {isa = PBXBuildFile; fileRef = E7AF672626BAAB240039A44B /* KeranjangModel.swift */; };
/* End PBXBuildFile section */

/* Begin PBXContainerItemProxy section */
		BD02C9F626D1B4240028AB3B /* PBXContainerItemProxy */ = {
			isa = PBXContainerItemProxy;
			containerPortal = BD5AC57926A369F400A52336 /* Project object */;
			proxyType = 1;
			remoteGlobalIDString = BD02C9F326D1B4240028AB3B;
			remoteInfo = "iWarung watchOS Extension";
		};
		BD02CA0526D1B4250028AB3B /* PBXContainerItemProxy */ = {
			isa = PBXContainerItemProxy;
			containerPortal = BD5AC57926A369F400A52336 /* Project object */;
			proxyType = 1;
			remoteGlobalIDString = BD02C9E726D1B4230028AB3B;
			remoteInfo = "iWarung watchOS";
		};
/* End PBXContainerItemProxy section */

/* Begin PBXCopyFilesBuildPhase section */
		BD02CA0826D1B4250028AB3B /* Embed Watch Content */ = {
			isa = PBXCopyFilesBuildPhase;
			buildActionMask = 2147483647;
			dstPath = "$(CONTENTS_FOLDER_PATH)/Watch";
			dstSubfolderSpec = 16;
			files = (
				BD02CA0726D1B4250028AB3B /* iWarung watchOS.app in Embed Watch Content */,
			);
			name = "Embed Watch Content";
			runOnlyForDeploymentPostprocessing = 0;
		};
		BD02CA0B26D1B4250028AB3B /* Embed App Extensions */ = {
			isa = PBXCopyFilesBuildPhase;
			buildActionMask = 2147483647;
			dstPath = "";
			dstSubfolderSpec = 13;
			files = (
				BD02C9F526D1B4240028AB3B /* iWarung watchOS Extension.appex in Embed App Extensions */,
			);
			name = "Embed App Extensions";
			runOnlyForDeploymentPostprocessing = 0;
		};
/* End PBXCopyFilesBuildPhase section */

/* Begin PBXFileReference section */
		3F28F79C26BD2A9400F1050A /* UIImage.swift */ = {isa = PBXFileReference; lastKnownFileType = sourcecode.swift; path = UIImage.swift; sourceTree = "<group>"; };
		3FA214B526B0DB320036633F /* SelectProductView.swift */ = {isa = PBXFileReference; lastKnownFileType = sourcecode.swift; path = SelectProductView.swift; sourceTree = "<group>"; };
		3FA214B626B0DB320036633F /* SelectProductView.xib */ = {isa = PBXFileReference; lastKnownFileType = file.xib; path = SelectProductView.xib; sourceTree = "<group>"; };
		3FE725FC26A96F7A009F4D32 /* PembayaranViewController.swift */ = {isa = PBXFileReference; lastKnownFileType = sourcecode.swift; path = PembayaranViewController.swift; sourceTree = "<group>"; };
		3FF1EE7B26AE284000F4F122 /* DetectedProductView.swift */ = {isa = PBXFileReference; lastKnownFileType = sourcecode.swift; path = DetectedProductView.swift; sourceTree = "<group>"; };
		3FF1EE7C26AE284000F4F122 /* DetectedProductView.xib */ = {isa = PBXFileReference; lastKnownFileType = file.xib; path = DetectedProductView.xib; sourceTree = "<group>"; };
		BD02C9E426D197480028AB3B /* ProductItem+CoreDataProperties.swift */ = {isa = PBXFileReference; lastKnownFileType = sourcecode.swift; path = "ProductItem+CoreDataProperties.swift"; sourceTree = "<group>"; };
		BD02C9E826D1B4230028AB3B /* iWarung watchOS.app */ = {isa = PBXFileReference; explicitFileType = wrapper.application; includeInIndex = 0; path = "iWarung watchOS.app"; sourceTree = BUILT_PRODUCTS_DIR; };
		BD02C9EB26D1B4230028AB3B /* Base */ = {isa = PBXFileReference; lastKnownFileType = file.storyboard; name = Base; path = Base.lproj/Interface.storyboard; sourceTree = "<group>"; };
		BD02C9ED26D1B4240028AB3B /* Assets.xcassets */ = {isa = PBXFileReference; lastKnownFileType = folder.assetcatalog; path = Assets.xcassets; sourceTree = "<group>"; };
		BD02C9EF26D1B4240028AB3B /* Info.plist */ = {isa = PBXFileReference; lastKnownFileType = text.plist.xml; path = Info.plist; sourceTree = "<group>"; };
		BD02C9F426D1B4240028AB3B /* iWarung watchOS Extension.appex */ = {isa = PBXFileReference; explicitFileType = "wrapper.app-extension"; includeInIndex = 0; path = "iWarung watchOS Extension.appex"; sourceTree = BUILT_PRODUCTS_DIR; };
		BD02C9F926D1B4240028AB3B /* InterfaceController.swift */ = {isa = PBXFileReference; lastKnownFileType = sourcecode.swift; path = InterfaceController.swift; sourceTree = "<group>"; };
		BD02C9FB26D1B4240028AB3B /* ExtensionDelegate.swift */ = {isa = PBXFileReference; lastKnownFileType = sourcecode.swift; path = ExtensionDelegate.swift; sourceTree = "<group>"; };
		BD02C9FD26D1B4240028AB3B /* NotificationController.swift */ = {isa = PBXFileReference; lastKnownFileType = sourcecode.swift; path = NotificationController.swift; sourceTree = "<group>"; };
		BD02C9FF26D1B4240028AB3B /* ComplicationController.swift */ = {isa = PBXFileReference; lastKnownFileType = sourcecode.swift; path = ComplicationController.swift; sourceTree = "<group>"; };
		BD02CA0126D1B4250028AB3B /* Assets.xcassets */ = {isa = PBXFileReference; lastKnownFileType = folder.assetcatalog; path = Assets.xcassets; sourceTree = "<group>"; };
		BD02CA0326D1B4250028AB3B /* Info.plist */ = {isa = PBXFileReference; lastKnownFileType = text.plist.xml; path = Info.plist; sourceTree = "<group>"; };
		BD02CA0426D1B4250028AB3B /* PushNotificationPayload.apns */ = {isa = PBXFileReference; lastKnownFileType = text; path = PushNotificationPayload.apns; sourceTree = "<group>"; };
		BD02CA1026D1B5710028AB3B /* iWarung.entitlements */ = {isa = PBXFileReference; lastKnownFileType = text.plist.entitlements; path = iWarung.entitlements; sourceTree = "<group>"; };
		BD02CA1126D1B5C40028AB3B /* iWarung watchOS Extension.entitlements */ = {isa = PBXFileReference; lastKnownFileType = text.plist.entitlements; path = "iWarung watchOS Extension.entitlements"; sourceTree = "<group>"; };
		BD1CF23E26AC99F9001B7EC8 /* TransaksiSelesaiPasView.xib */ = {isa = PBXFileReference; lastKnownFileType = file.xib; path = TransaksiSelesaiPasView.xib; sourceTree = "<group>"; };
		BD1CF24426ACAEA9001B7EC8 /* TransaksiSelesaiPasView.swift */ = {isa = PBXFileReference; lastKnownFileType = sourcecode.swift; path = TransaksiSelesaiPasView.swift; sourceTree = "<group>"; };
		BD1CF24626ACB279001B7EC8 /* UIApplication.swift */ = {isa = PBXFileReference; lastKnownFileType = sourcecode.swift; path = UIApplication.swift; sourceTree = "<group>"; };
		BD1FB09A26BB188200648B18 /* Int.swift */ = {isa = PBXFileReference; lastKnownFileType = sourcecode.swift; path = Int.swift; sourceTree = "<group>"; };
		BD1FB09C26BB1DBD00648B18 /* Date.swift */ = {isa = PBXFileReference; lastKnownFileType = sourcecode.swift; path = Date.swift; sourceTree = "<group>"; };
		BD1FFF2F26AB604100EB9AAD /* KeranjangCell.swift */ = {isa = PBXFileReference; lastKnownFileType = sourcecode.swift; path = KeranjangCell.swift; sourceTree = "<group>"; };
		BD1FFF3026AB604100EB9AAD /* KeranjangCell.xib */ = {isa = PBXFileReference; lastKnownFileType = file.xib; path = KeranjangCell.xib; sourceTree = "<group>"; };
		BD1FFF3326AB65F800EB9AAD /* Product.swift */ = {isa = PBXFileReference; lastKnownFileType = sourcecode.swift; path = Product.swift; sourceTree = "<group>"; };
		BD1FFF3826AB957100EB9AAD /* UIViewController.swift */ = {isa = PBXFileReference; lastKnownFileType = sourcecode.swift; path = UIViewController.swift; sourceTree = "<group>"; };
		BD1FFF3A26AC237A00EB9AAD /* UIView.swift */ = {isa = PBXFileReference; lastKnownFileType = sourcecode.swift; path = UIView.swift; sourceTree = "<group>"; };
		BD1FFF3C26AC24D300EB9AAD /* UIColor.swift */ = {isa = PBXFileReference; lastKnownFileType = sourcecode.swift; path = UIColor.swift; sourceTree = "<group>"; };
		BD38922626D2DCE5005D2BF6 /* StokKurangTableController.swift */ = {isa = PBXFileReference; lastKnownFileType = sourcecode.swift; path = StokKurangTableController.swift; sourceTree = "<group>"; };
		BD38922826D2DD4D005D2BF6 /* StokKurangInterfaceController.swift */ = {isa = PBXFileReference; lastKnownFileType = sourcecode.swift; path = StokKurangInterfaceController.swift; sourceTree = "<group>"; };
		BD38922A26D2E81E005D2BF6 /* WatchManager.swift */ = {isa = PBXFileReference; lastKnownFileType = sourcecode.swift; path = WatchManager.swift; sourceTree = "<group>"; };
		BD3A595626B249C400BA4234 /* UISegmented.swift */ = {isa = PBXFileReference; lastKnownFileType = sourcecode.swift; path = UISegmented.swift; sourceTree = "<group>"; };
		BD52321926C46AEF00B4795A /* UserDefault.swift */ = {isa = PBXFileReference; lastKnownFileType = sourcecode.swift; path = UserDefault.swift; sourceTree = "<group>"; };
		BD5AC58126A369F400A52336 /* iWarung.app */ = {isa = PBXFileReference; explicitFileType = wrapper.application; includeInIndex = 0; path = iWarung.app; sourceTree = BUILT_PRODUCTS_DIR; };
		BD5AC58426A369F400A52336 /* AppDelegate.swift */ = {isa = PBXFileReference; lastKnownFileType = sourcecode.swift; path = AppDelegate.swift; sourceTree = "<group>"; };
		BD5AC58626A369F400A52336 /* SceneDelegate.swift */ = {isa = PBXFileReference; lastKnownFileType = sourcecode.swift; path = SceneDelegate.swift; sourceTree = "<group>"; };
		BD5AC58826A369F400A52336 /* ViewController.swift */ = {isa = PBXFileReference; lastKnownFileType = sourcecode.swift; path = ViewController.swift; sourceTree = "<group>"; xcLanguageSpecificationIdentifier = xcode.lang.swift; };
		BD5AC58B26A369F400A52336 /* Base */ = {isa = PBXFileReference; lastKnownFileType = file.storyboard; name = Base; path = Base.lproj/Main.storyboard; sourceTree = "<group>"; };
		BD5AC58E26A369F400A52336 /* iWarung.xcdatamodel */ = {isa = PBXFileReference; lastKnownFileType = wrapper.xcdatamodel; path = iWarung.xcdatamodel; sourceTree = "<group>"; };
		BD5AC59026A369F500A52336 /* Assets.xcassets */ = {isa = PBXFileReference; lastKnownFileType = folder.assetcatalog; path = Assets.xcassets; sourceTree = "<group>"; };
		BD5AC59326A369F500A52336 /* Base */ = {isa = PBXFileReference; lastKnownFileType = file.storyboard; name = Base; path = Base.lproj/LaunchScreen.storyboard; sourceTree = "<group>"; };
		BD5AC59526A369F500A52336 /* Info.plist */ = {isa = PBXFileReference; lastKnownFileType = text.plist.xml; path = Info.plist; sourceTree = "<group>"; };
		BD726E2F26B5EBBB00EAFD14 /* SBCardPopUpViewController.swift */ = {isa = PBXFileReference; lastKnownFileType = sourcecode.swift; path = SBCardPopUpViewController.swift; sourceTree = "<group>"; };
		BD726E3126B5EC4F00EAFD14 /* CameraInactivePopUpViewController.swift */ = {isa = PBXFileReference; lastKnownFileType = sourcecode.swift; path = CameraInactivePopUpViewController.swift; sourceTree = "<group>"; };
		BD726E3426B60CB100EAFD14 /* PopUpDelegate.swift */ = {isa = PBXFileReference; lastKnownFileType = sourcecode.swift; path = PopUpDelegate.swift; sourceTree = "<group>"; };
		BD74BCAF26A4820B00E3EE75 /* constants.swift */ = {isa = PBXFileReference; lastKnownFileType = sourcecode.swift; path = constants.swift; sourceTree = "<group>"; };
		BD85A2D026A9F72600FE1B9C /* Keranjang.storyboard */ = {isa = PBXFileReference; lastKnownFileType = file.storyboard; path = Keranjang.storyboard; sourceTree = "<group>"; };
		BD85A2D226A9F74B00FE1B9C /* KeranjangViewController.swift */ = {isa = PBXFileReference; lastKnownFileType = sourcecode.swift; path = KeranjangViewController.swift; sourceTree = "<group>"; };
		BD87041F26D44BE000DE5562 /* WatchSessionManager.swift */ = {isa = PBXFileReference; lastKnownFileType = sourcecode.swift; path = WatchSessionManager.swift; sourceTree = "<group>"; };
		BD9023E226BEE57E00976CF1 /* String.swift */ = {isa = PBXFileReference; lastKnownFileType = sourcecode.swift; path = String.swift; sourceTree = "<group>"; };
		BDB379EC26C2257200BDF9C2 /* Pembayaran.storyboard */ = {isa = PBXFileReference; fileEncoding = 4; lastKnownFileType = file.storyboard; path = Pembayaran.storyboard; sourceTree = "<group>"; };
		BDB39A3726ADD05800296909 /* DaftarProduk.storyboard */ = {isa = PBXFileReference; lastKnownFileType = file.storyboard; path = DaftarProduk.storyboard; sourceTree = "<group>"; };
		BDB39A3926ADD06F00296909 /* DaftarProdukViewController.swift */ = {isa = PBXFileReference; lastKnownFileType = sourcecode.swift; path = DaftarProdukViewController.swift; sourceTree = "<group>"; };
		BDC490EC26C1BDC000825792 /* ReciptListProductTableViewCell.swift */ = {isa = PBXFileReference; lastKnownFileType = sourcecode.swift; path = ReciptListProductTableViewCell.swift; sourceTree = "<group>"; };
		BDC490ED26C1BDC000825792 /* ReciptListProductTableViewCell.xib */ = {isa = PBXFileReference; lastKnownFileType = file.xib; path = ReciptListProductTableViewCell.xib; sourceTree = "<group>"; };
		BDC490F426C1BE5800825792 /* ReciptHeaderTableViewCell.swift */ = {isa = PBXFileReference; lastKnownFileType = sourcecode.swift; path = ReciptHeaderTableViewCell.swift; sourceTree = "<group>"; };
		BDC490F526C1BE5800825792 /* ReciptHeaderTableViewCell.xib */ = {isa = PBXFileReference; lastKnownFileType = file.xib; path = ReciptHeaderTableViewCell.xib; sourceTree = "<group>"; };
		BDC490F926C1BE7300825792 /* ReciptFooterTableViewCell.swift */ = {isa = PBXFileReference; lastKnownFileType = sourcecode.swift; path = ReciptFooterTableViewCell.swift; sourceTree = "<group>"; };
		BDC490FA26C1BE7300825792 /* ReciptFooterTableViewCell.xib */ = {isa = PBXFileReference; lastKnownFileType = file.xib; path = ReciptFooterTableViewCell.xib; sourceTree = "<group>"; };
		BDC490FF26C1C35E00825792 /* ReciptViewController.swift */ = {isa = PBXFileReference; lastKnownFileType = sourcecode.swift; path = ReciptViewController.swift; sourceTree = "<group>"; };
		BDC4910126C1D3AD00825792 /* Recipt.storyboard */ = {isa = PBXFileReference; lastKnownFileType = file.storyboard; path = Recipt.storyboard; sourceTree = "<group>"; };
		BDC625C526AD507300E44675 /* TambahProdukScan.storyboard */ = {isa = PBXFileReference; lastKnownFileType = file.storyboard; path = TambahProdukScan.storyboard; sourceTree = "<group>"; };
		BDC625C726AD509500E44675 /* TambahProdukScanViewController.swift */ = {isa = PBXFileReference; lastKnownFileType = sourcecode.swift; path = TambahProdukScanViewController.swift; sourceTree = "<group>"; };
		BDC8DFA126AC2886008310AA /* UIButton.swift */ = {isa = PBXFileReference; lastKnownFileType = sourcecode.swift; path = UIButton.swift; sourceTree = "<group>"; };
		BDC8DFA326AC6C1E008310AA /* UITextField.swift */ = {isa = PBXFileReference; lastKnownFileType = sourcecode.swift; path = UITextField.swift; sourceTree = "<group>"; };
		BDC8DFA526AC8D3B008310AA /* PresentationController.swift */ = {isa = PBXFileReference; lastKnownFileType = sourcecode.swift; path = PresentationController.swift; sourceTree = "<group>"; };
		BDE43C2026AF4283004CF3CC /* Onboarding.storyboard */ = {isa = PBXFileReference; lastKnownFileType = file.storyboard; path = Onboarding.storyboard; sourceTree = "<group>"; };
		BDE43C2226AF4947004CF3CC /* OnboardingViewController.swift */ = {isa = PBXFileReference; lastKnownFileType = sourcecode.swift; path = OnboardingViewController.swift; sourceTree = "<group>"; };
		BDE43C2426AF4B36004CF3CC /* Onboarding.swift */ = {isa = PBXFileReference; lastKnownFileType = sourcecode.swift; path = Onboarding.swift; sourceTree = "<group>"; };
		BDE43C2626AF515E004CF3CC /* Core.swift */ = {isa = PBXFileReference; lastKnownFileType = sourcecode.swift; path = Core.swift; sourceTree = "<group>"; };
		BDEA921C26AE7A6A00157FA6 /* KeranjangPopUp.xib */ = {isa = PBXFileReference; lastKnownFileType = file.xib; path = KeranjangPopUp.xib; sourceTree = "<group>"; };
		BDEA921E26AE7B7A00157FA6 /* KeranjangPopUp.swift */ = {isa = PBXFileReference; lastKnownFileType = sourcecode.swift; path = KeranjangPopUp.swift; sourceTree = "<group>"; };
		E7194C4B26ADD7D70018B189 /* TambahProdukFormViewController.swift */ = {isa = PBXFileReference; lastKnownFileType = sourcecode.swift; path = TambahProdukFormViewController.swift; sourceTree = "<group>"; };
		E7194C5526AFD3D50018B189 /* TambahProdukForm.storyboard */ = {isa = PBXFileReference; lastKnownFileType = file.storyboard; path = TambahProdukForm.storyboard; sourceTree = "<group>"; };
		E71B13D226BD6E870023245A /* ProductModel.swift */ = {isa = PBXFileReference; lastKnownFileType = sourcecode.swift; path = ProductModel.swift; sourceTree = "<group>"; };
		E7AF66B226B165B00039A44B /* ProductItemViewCell.swift */ = {isa = PBXFileReference; lastKnownFileType = sourcecode.swift; name = ProductItemViewCell.swift; path = ProductItemCell/ProductItemViewCell.swift; sourceTree = "<group>"; };
		E7AF66B326B165B00039A44B /* ProductItemViewCell.xib */ = {isa = PBXFileReference; lastKnownFileType = file.xib; name = ProductItemViewCell.xib; path = ProductItemCell/ProductItemViewCell.xib; sourceTree = "<group>"; };
		E7AF66B726B213E20039A44B /* Persisten.swift */ = {isa = PBXFileReference; lastKnownFileType = sourcecode.swift; path = Persisten.swift; sourceTree = "<group>"; };
		E7AF66BD26B427C00039A44B /* ProductItem+CoreDataClass.swift */ = {isa = PBXFileReference; lastKnownFileType = sourcecode.swift; path = "ProductItem+CoreDataClass.swift"; sourceTree = SOURCE_ROOT; };
		E7AF672626BAAB240039A44B /* KeranjangModel.swift */ = {isa = PBXFileReference; lastKnownFileType = sourcecode.swift; path = KeranjangModel.swift; sourceTree = "<group>"; };
/* End PBXFileReference section */

/* Begin PBXFrameworksBuildPhase section */
		BD02C9F126D1B4240028AB3B /* Frameworks */ = {
			isa = PBXFrameworksBuildPhase;
			buildActionMask = 2147483647;
			files = (
			);
			runOnlyForDeploymentPostprocessing = 0;
		};
		BD5AC57E26A369F400A52336 /* Frameworks */ = {
			isa = PBXFrameworksBuildPhase;
			buildActionMask = 2147483647;
			files = (
			);
			runOnlyForDeploymentPostprocessing = 0;
		};
/* End PBXFrameworksBuildPhase section */

/* Begin PBXGroup section */
		3FA214B426B0DA630036633F /* SelectProduct */ = {
			isa = PBXGroup;
			children = (
				3FA214B526B0DB320036633F /* SelectProductView.swift */,
				3FA214B626B0DB320036633F /* SelectProductView.xib */,
			);
			path = SelectProduct;
			sourceTree = "<group>";
		};
		BD02C9E926D1B4230028AB3B /* iWarung watchOS */ = {
			isa = PBXGroup;
			children = (
				BD02C9EA26D1B4230028AB3B /* Interface.storyboard */,
				BD02C9ED26D1B4240028AB3B /* Assets.xcassets */,
				BD02C9EF26D1B4240028AB3B /* Info.plist */,
			);
			path = "iWarung watchOS";
			sourceTree = "<group>";
		};
		BD02C9F826D1B4240028AB3B /* iWarung watchOS Extension */ = {
			isa = PBXGroup;
			children = (
				BD02CA1126D1B5C40028AB3B /* iWarung watchOS Extension.entitlements */,
				BD02C9F926D1B4240028AB3B /* InterfaceController.swift */,
				BD02C9FB26D1B4240028AB3B /* ExtensionDelegate.swift */,
				BD02C9FD26D1B4240028AB3B /* NotificationController.swift */,
				BD02C9FF26D1B4240028AB3B /* ComplicationController.swift */,
				BD02CA0126D1B4250028AB3B /* Assets.xcassets */,
				BD02CA0326D1B4250028AB3B /* Info.plist */,
				BD02CA0426D1B4250028AB3B /* PushNotificationPayload.apns */,
				BD38922626D2DCE5005D2BF6 /* StokKurangTableController.swift */,
				BD38922826D2DD4D005D2BF6 /* StokKurangInterfaceController.swift */,
			);
			path = "iWarung watchOS Extension";
			sourceTree = "<group>";
		};
		BD5AC57826A369F400A52336 = {
			isa = PBXGroup;
			children = (
				BD87041E26D44BA300DE5562 /* Commons */,
				BD5AC58326A369F400A52336 /* iWarung */,
				BD02C9E926D1B4230028AB3B /* iWarung watchOS */,
				BD02C9F826D1B4240028AB3B /* iWarung watchOS Extension */,
				BD5AC58226A369F400A52336 /* Products */,
			);
			sourceTree = "<group>";
		};
		BD5AC58226A369F400A52336 /* Products */ = {
			isa = PBXGroup;
			children = (
				BD5AC58126A369F400A52336 /* iWarung.app */,
				BD02C9E826D1B4230028AB3B /* iWarung watchOS.app */,
				BD02C9F426D1B4240028AB3B /* iWarung watchOS Extension.appex */,
			);
			name = Products;
			sourceTree = "<group>";
		};
		BD5AC58326A369F400A52336 /* iWarung */ = {
			isa = PBXGroup;
			children = (
				BD02CA1026D1B5710028AB3B /* iWarung.entitlements */,
				BD726E3326B60C9E00EAFD14 /* Protocols */,
				E7AF66B626B213BC0039A44B /* Service */,
				BD5AC59F26A36A3800A52336 /* Extensions */,
				BD5AC59E26A36A2F00A52336 /* Controllers */,
				BD5AC59D26A36A2800A52336 /* Models */,
				BD5AC59C26A36A1700A52336 /* Views */,
				BD5AC58426A369F400A52336 /* AppDelegate.swift */,
				BD5AC58626A369F400A52336 /* SceneDelegate.swift */,
				BD5AC59026A369F500A52336 /* Assets.xcassets */,
				BD5AC59226A369F500A52336 /* LaunchScreen.storyboard */,
				BD5AC59526A369F500A52336 /* Info.plist */,
				BD5AC58D26A369F400A52336 /* iWarung.xcdatamodeld */,
				BD74BCAF26A4820B00E3EE75 /* constants.swift */,
			);
			path = iWarung;
			sourceTree = "<group>";
		};
		BD5AC59C26A36A1700A52336 /* Views */ = {
			isa = PBXGroup;
			children = (
				BDC490E926C1BD1300825792 /* Recipt */,
				BD5AC58A26A369F400A52336 /* Main.storyboard */,
				BD85A2D026A9F72600FE1B9C /* Keranjang.storyboard */,
				BDB379EC26C2257200BDF9C2 /* Pembayaran.storyboard */,
				BDEA922126AE7B9900157FA6 /* KeranjangCell */,
				BDEA922226AE7BBF00157FA6 /* TransaksiSelesaiPas */,
				BDC625C526AD507300E44675 /* TambahProdukScan.storyboard */,
				BDB39A3726ADD05800296909 /* DaftarProduk.storyboard */,
				BDDDE2A326BF321500081BB1 /* DetectedProduct */,
				BDEA922026AE7B8000157FA6 /* KeranjangPopUp */,
				BDE43C2026AF4283004CF3CC /* Onboarding.storyboard */,
				E7194C5526AFD3D50018B189 /* TambahProdukForm.storyboard */,
				3FA214B426B0DA630036633F /* SelectProduct */,
				E7AF66B226B165B00039A44B /* ProductItemViewCell.swift */,
				E7AF66B326B165B00039A44B /* ProductItemViewCell.xib */,
			);
			path = Views;
			sourceTree = "<group>";
		};
		BD5AC59D26A36A2800A52336 /* Models */ = {
			isa = PBXGroup;
			children = (
				E7AF66BD26B427C00039A44B /* ProductItem+CoreDataClass.swift */,
				BD02C9E426D197480028AB3B /* ProductItem+CoreDataProperties.swift */,
				BD1FFF3326AB65F800EB9AAD /* Product.swift */,
				BDE43C2426AF4B36004CF3CC /* Onboarding.swift */,
				BDE43C2626AF515E004CF3CC /* Core.swift */,
				E7AF672626BAAB240039A44B /* KeranjangModel.swift */,
				E71B13D226BD6E870023245A /* ProductModel.swift */,
				BD38922A26D2E81E005D2BF6 /* WatchManager.swift */,
			);
			path = Models;
			sourceTree = "<group>";
		};
		BD5AC59E26A36A2F00A52336 /* Controllers */ = {
			isa = PBXGroup;
			children = (
				BD5AC58826A369F400A52336 /* ViewController.swift */,
				3FE725FC26A96F7A009F4D32 /* PembayaranViewController.swift */,
				BD85A2D226A9F74B00FE1B9C /* KeranjangViewController.swift */,
				BDC8DFA526AC8D3B008310AA /* PresentationController.swift */,
				BDC625C726AD509500E44675 /* TambahProdukScanViewController.swift */,
				BDB39A3926ADD06F00296909 /* DaftarProdukViewController.swift */,
				E7194C4B26ADD7D70018B189 /* TambahProdukFormViewController.swift */,
				BDE43C2226AF4947004CF3CC /* OnboardingViewController.swift */,
				BD726E2F26B5EBBB00EAFD14 /* SBCardPopUpViewController.swift */,
				BD726E3126B5EC4F00EAFD14 /* CameraInactivePopUpViewController.swift */,
				BDC490FF26C1C35E00825792 /* ReciptViewController.swift */,
			);
			path = Controllers;
			sourceTree = "<group>";
		};
		BD5AC59F26A36A3800A52336 /* Extensions */ = {
			isa = PBXGroup;
			children = (
				BD1FFF3826AB957100EB9AAD /* UIViewController.swift */,
				BD1FFF3A26AC237A00EB9AAD /* UIView.swift */,
				BD1FFF3C26AC24D300EB9AAD /* UIColor.swift */,
				BDC8DFA126AC2886008310AA /* UIButton.swift */,
				BDC8DFA326AC6C1E008310AA /* UITextField.swift */,
				BD1CF24626ACB279001B7EC8 /* UIApplication.swift */,
				BD3A595626B249C400BA4234 /* UISegmented.swift */,
				BD1FB09A26BB188200648B18 /* Int.swift */,
				BD1FB09C26BB1DBD00648B18 /* Date.swift */,
				3F28F79C26BD2A9400F1050A /* UIImage.swift */,
				BD9023E226BEE57E00976CF1 /* String.swift */,
				BD52321926C46AEF00B4795A /* UserDefault.swift */,
			);
			path = Extensions;
			sourceTree = "<group>";
		};
		BD726E3326B60C9E00EAFD14 /* Protocols */ = {
			isa = PBXGroup;
			children = (
				BD726E3426B60CB100EAFD14 /* PopUpDelegate.swift */,
			);
			path = Protocols;
			sourceTree = "<group>";
		};
		BD87041E26D44BA300DE5562 /* Commons */ = {
			isa = PBXGroup;
			children = (
				BD87041F26D44BE000DE5562 /* WatchSessionManager.swift */,
			);
			path = Commons;
			sourceTree = "<group>";
		};
		BDC490E926C1BD1300825792 /* Recipt */ = {
			isa = PBXGroup;
			children = (
				BDC490F826C1BE5E00825792 /* ReciptFooter */,
				BDC490F126C1BE2200825792 /* ReciptHeader */,
				BDC490F026C1BE1500825792 /* ReciptListProduct */,
				BDC4910126C1D3AD00825792 /* Recipt.storyboard */,
			);
			path = Recipt;
			sourceTree = "<group>";
		};
		BDC490F026C1BE1500825792 /* ReciptListProduct */ = {
			isa = PBXGroup;
			children = (
				BDC490EC26C1BDC000825792 /* ReciptListProductTableViewCell.swift */,
				BDC490ED26C1BDC000825792 /* ReciptListProductTableViewCell.xib */,
			);
			path = ReciptListProduct;
			sourceTree = "<group>";
		};
		BDC490F126C1BE2200825792 /* ReciptHeader */ = {
			isa = PBXGroup;
			children = (
				BDC490F426C1BE5800825792 /* ReciptHeaderTableViewCell.swift */,
				BDC490F526C1BE5800825792 /* ReciptHeaderTableViewCell.xib */,
			);
			path = ReciptHeader;
			sourceTree = "<group>";
		};
		BDC490F826C1BE5E00825792 /* ReciptFooter */ = {
			isa = PBXGroup;
			children = (
				BDC490F926C1BE7300825792 /* ReciptFooterTableViewCell.swift */,
				BDC490FA26C1BE7300825792 /* ReciptFooterTableViewCell.xib */,
			);
			path = ReciptFooter;
			sourceTree = "<group>";
		};
		BDDDE2A326BF321500081BB1 /* DetectedProduct */ = {
			isa = PBXGroup;
			children = (
				3FF1EE7C26AE284000F4F122 /* DetectedProductView.xib */,
				3FF1EE7B26AE284000F4F122 /* DetectedProductView.swift */,
			);
			path = DetectedProduct;
			sourceTree = "<group>";
		};
		BDEA922026AE7B8000157FA6 /* KeranjangPopUp */ = {
			isa = PBXGroup;
			children = (
				BDEA921C26AE7A6A00157FA6 /* KeranjangPopUp.xib */,
				BDEA921E26AE7B7A00157FA6 /* KeranjangPopUp.swift */,
			);
			path = KeranjangPopUp;
			sourceTree = "<group>";
		};
		BDEA922126AE7B9900157FA6 /* KeranjangCell */ = {
			isa = PBXGroup;
			children = (
				BD1FFF2F26AB604100EB9AAD /* KeranjangCell.swift */,
				BD1FFF3026AB604100EB9AAD /* KeranjangCell.xib */,
			);
			path = KeranjangCell;
			sourceTree = "<group>";
		};
		BDEA922226AE7BBF00157FA6 /* TransaksiSelesaiPas */ = {
			isa = PBXGroup;
			children = (
				BD1CF23E26AC99F9001B7EC8 /* TransaksiSelesaiPasView.xib */,
				BD1CF24426ACAEA9001B7EC8 /* TransaksiSelesaiPasView.swift */,
			);
			path = TransaksiSelesaiPas;
			sourceTree = "<group>";
		};
		E7AF66B626B213BC0039A44B /* Service */ = {
			isa = PBXGroup;
			children = (
				E7AF66B726B213E20039A44B /* Persisten.swift */,
			);
			path = Service;
			sourceTree = "<group>";
		};
/* End PBXGroup section */

/* Begin PBXNativeTarget section */
		BD02C9E726D1B4230028AB3B /* iWarung watchOS */ = {
			isa = PBXNativeTarget;
			buildConfigurationList = BD02CA0F26D1B4250028AB3B /* Build configuration list for PBXNativeTarget "iWarung watchOS" */;
			buildPhases = (
				BD02C9E626D1B4230028AB3B /* Resources */,
				BD02CA0B26D1B4250028AB3B /* Embed App Extensions */,
			);
			buildRules = (
			);
			dependencies = (
				BD02C9F726D1B4240028AB3B /* PBXTargetDependency */,
			);
			name = "iWarung watchOS";
			productName = "iWarung watchOS";
			productReference = BD02C9E826D1B4230028AB3B /* iWarung watchOS.app */;
			productType = "com.apple.product-type.application.watchapp2";
		};
		BD02C9F326D1B4240028AB3B /* iWarung watchOS Extension */ = {
			isa = PBXNativeTarget;
			buildConfigurationList = BD02CA0E26D1B4250028AB3B /* Build configuration list for PBXNativeTarget "iWarung watchOS Extension" */;
			buildPhases = (
				BD02C9F026D1B4240028AB3B /* Sources */,
				BD02C9F126D1B4240028AB3B /* Frameworks */,
				BD02C9F226D1B4240028AB3B /* Resources */,
			);
			buildRules = (
			);
			dependencies = (
			);
			name = "iWarung watchOS Extension";
			productName = "iWarung watchOS Extension";
			productReference = BD02C9F426D1B4240028AB3B /* iWarung watchOS Extension.appex */;
			productType = "com.apple.product-type.watchkit2-extension";
		};
		BD5AC58026A369F400A52336 /* iWarung */ = {
			isa = PBXNativeTarget;
			buildConfigurationList = BD5AC59826A369F500A52336 /* Build configuration list for PBXNativeTarget "iWarung" */;
			buildPhases = (
				BD5AC57D26A369F400A52336 /* Sources */,
				BD5AC57E26A369F400A52336 /* Frameworks */,
				BD5AC57F26A369F400A52336 /* Resources */,
				BD02CA0826D1B4250028AB3B /* Embed Watch Content */,
			);
			buildRules = (
			);
			dependencies = (
				BD02CA0626D1B4250028AB3B /* PBXTargetDependency */,
			);
			name = iWarung;
			productName = iWarung;
			productReference = BD5AC58126A369F400A52336 /* iWarung.app */;
			productType = "com.apple.product-type.application";
		};
/* End PBXNativeTarget section */

/* Begin PBXProject section */
		BD5AC57926A369F400A52336 /* Project object */ = {
			isa = PBXProject;
			attributes = {
				LastSwiftUpdateCheck = 1250;
				LastUpgradeCheck = 1250;
				TargetAttributes = {
					BD02C9E726D1B4230028AB3B = {
						CreatedOnToolsVersion = 12.5.1;
					};
					BD02C9F326D1B4240028AB3B = {
						CreatedOnToolsVersion = 12.5.1;
					};
					BD5AC58026A369F400A52336 = {
						CreatedOnToolsVersion = 12.5.1;
					};
				};
			};
			buildConfigurationList = BD5AC57C26A369F400A52336 /* Build configuration list for PBXProject "iWarung" */;
			compatibilityVersion = "Xcode 9.3";
			developmentRegion = en;
			hasScannedForEncodings = 0;
			knownRegions = (
				en,
				Base,
			);
			mainGroup = BD5AC57826A369F400A52336;
			productRefGroup = BD5AC58226A369F400A52336 /* Products */;
			projectDirPath = "";
			projectRoot = "";
			targets = (
				BD5AC58026A369F400A52336 /* iWarung */,
				BD02C9E726D1B4230028AB3B /* iWarung watchOS */,
				BD02C9F326D1B4240028AB3B /* iWarung watchOS Extension */,
			);
		};
/* End PBXProject section */

/* Begin PBXResourcesBuildPhase section */
		BD02C9E626D1B4230028AB3B /* Resources */ = {
			isa = PBXResourcesBuildPhase;
			buildActionMask = 2147483647;
			files = (
				BD02C9EE26D1B4240028AB3B /* Assets.xcassets in Resources */,
				BD02C9EC26D1B4230028AB3B /* Interface.storyboard in Resources */,
			);
			runOnlyForDeploymentPostprocessing = 0;
		};
		BD02C9F226D1B4240028AB3B /* Resources */ = {
			isa = PBXResourcesBuildPhase;
			buildActionMask = 2147483647;
			files = (
				BD02CA0226D1B4250028AB3B /* Assets.xcassets in Resources */,
			);
			runOnlyForDeploymentPostprocessing = 0;
		};
		BD5AC57F26A369F400A52336 /* Resources */ = {
			isa = PBXResourcesBuildPhase;
			buildActionMask = 2147483647;
			files = (
				BDEA921D26AE7A6A00157FA6 /* KeranjangPopUp.xib in Resources */,
				E7AF66B526B165B00039A44B /* ProductItemViewCell.xib in Resources */,
				BDC490EF26C1BDC000825792 /* ReciptListProductTableViewCell.xib in Resources */,
				BDC490F726C1BE5800825792 /* ReciptHeaderTableViewCell.xib in Resources */,
				3FA214B826B0DB320036633F /* SelectProductView.xib in Resources */,
				BDC625C626AD507300E44675 /* TambahProdukScan.storyboard in Resources */,
				BDB37A0B26C2257200BDF9C2 /* Pembayaran.storyboard in Resources */,
				BDC490FC26C1BE7300825792 /* ReciptFooterTableViewCell.xib in Resources */,
				BDC4910226C1D3AD00825792 /* Recipt.storyboard in Resources */,
				BD1CF23F26AC99F9001B7EC8 /* TransaksiSelesaiPasView.xib in Resources */,
				BD5AC59426A369F500A52336 /* LaunchScreen.storyboard in Resources */,
				3FF1EE7E26AE284000F4F122 /* DetectedProductView.xib in Resources */,
				BDB39A3826ADD05800296909 /* DaftarProduk.storyboard in Resources */,
				BD5AC59126A369F500A52336 /* Assets.xcassets in Resources */,
				BD85A2D126A9F72600FE1B9C /* Keranjang.storyboard in Resources */,
				BDE43C2126AF4283004CF3CC /* Onboarding.storyboard in Resources */,
				BD5AC58C26A369F400A52336 /* Main.storyboard in Resources */,
				E7194C5626AFD3D50018B189 /* TambahProdukForm.storyboard in Resources */,
				BD1FFF3226AB604100EB9AAD /* KeranjangCell.xib in Resources */,
			);
			runOnlyForDeploymentPostprocessing = 0;
		};
/* End PBXResourcesBuildPhase section */

/* Begin PBXSourcesBuildPhase section */
		BD02C9F026D1B4240028AB3B /* Sources */ = {
			isa = PBXSourcesBuildPhase;
			buildActionMask = 2147483647;
			files = (
				BD38922726D2DCE5005D2BF6 /* StokKurangTableController.swift in Sources */,
				BD02C9FE26D1B4240028AB3B /* NotificationController.swift in Sources */,
				BD38922926D2DD4D005D2BF6 /* StokKurangInterfaceController.swift in Sources */,
				BD02CA0026D1B4240028AB3B /* ComplicationController.swift in Sources */,
				BD02C9FC26D1B4240028AB3B /* ExtensionDelegate.swift in Sources */,
				BD02C9FA26D1B4240028AB3B /* InterfaceController.swift in Sources */,
				BD87042126D44BE800DE5562 /* WatchSessionManager.swift in Sources */,
			);
			runOnlyForDeploymentPostprocessing = 0;
		};
		BD5AC57D26A369F400A52336 /* Sources */ = {
			isa = PBXSourcesBuildPhase;
			buildActionMask = 2147483647;
			files = (
				E7194C4C26ADD7D70018B189 /* TambahProdukFormViewController.swift in Sources */,
				BDC490FB26C1BE7300825792 /* ReciptFooterTableViewCell.swift in Sources */,
				BD1CF24726ACB279001B7EC8 /* UIApplication.swift in Sources */,
				BDC4910026C1C35E00825792 /* ReciptViewController.swift in Sources */,
				BD9023E326BEE57E00976CF1 /* String.swift in Sources */,
				E7AF66B826B213E20039A44B /* Persisten.swift in Sources */,
				3FE725FD26A96F7A009F4D32 /* PembayaranViewController.swift in Sources */,
				BD1FFF3926AB957100EB9AAD /* UIViewController.swift in Sources */,
				BDC490EE26C1BDC000825792 /* ReciptListProductTableViewCell.swift in Sources */,
				BD3A595726B249C400BA4234 /* UISegmented.swift in Sources */,
				BD5AC58926A369F400A52336 /* ViewController.swift in Sources */,
				BD726E3026B5EBBB00EAFD14 /* SBCardPopUpViewController.swift in Sources */,
				BDEA921F26AE7B7A00157FA6 /* KeranjangPopUp.swift in Sources */,
				E7AF66BF26B427C00039A44B /* ProductItem+CoreDataClass.swift in Sources */,
				BD726E3526B60CB100EAFD14 /* PopUpDelegate.swift in Sources */,
				BD1FFF3B26AC237A00EB9AAD /* UIView.swift in Sources */,
				BD85A2D326A9F74B00FE1B9C /* KeranjangViewController.swift in Sources */,
				BD5AC58F26A369F400A52336 /* iWarung.xcdatamodeld in Sources */,
				BDC490F626C1BE5800825792 /* ReciptHeaderTableViewCell.swift in Sources */,
				BD726E3226B5EC4F00EAFD14 /* CameraInactivePopUpViewController.swift in Sources */,
				BDC8DFA626AC8D3B008310AA /* PresentationController.swift in Sources */,
				BDE43C2526AF4B36004CF3CC /* Onboarding.swift in Sources */,
				BD1FB09B26BB188200648B18 /* Int.swift in Sources */,
				3FA214B726B0DB320036633F /* SelectProductView.swift in Sources */,
				BDE43C2326AF4947004CF3CC /* OnboardingViewController.swift in Sources */,
				BD1FFF3426AB65F800EB9AAD /* Product.swift in Sources */,
				BD74BCB026A4820B00E3EE75 /* constants.swift in Sources */,
				3F28F79D26BD2A9400F1050A /* UIImage.swift in Sources */,
				BD1FFF3D26AC24D300EB9AAD /* UIColor.swift in Sources */,
				BD02C9E526D197480028AB3B /* ProductItem+CoreDataProperties.swift in Sources */,
				BD5AC58526A369F400A52336 /* AppDelegate.swift in Sources */,
				3FF1EE7D26AE284000F4F122 /* DetectedProductView.swift in Sources */,
				BD52321A26C46AEF00B4795A /* UserDefault.swift in Sources */,
				BDC8DFA426AC6C1E008310AA /* UITextField.swift in Sources */,
				BDE43C2726AF515E004CF3CC /* Core.swift in Sources */,
				E7AF66B426B165B00039A44B /* ProductItemViewCell.swift in Sources */,
				E7AF672726BAAB240039A44B /* KeranjangModel.swift in Sources */,
				BD38922B26D2E81E005D2BF6 /* WatchManager.swift in Sources */,
				BDB39A3A26ADD06F00296909 /* DaftarProdukViewController.swift in Sources */,
				BDC625C826AD509500E44675 /* TambahProdukScanViewController.swift in Sources */,
				BD1CF24526ACAEA9001B7EC8 /* TransaksiSelesaiPasView.swift in Sources */,
				BD87042026D44BE000DE5562 /* WatchSessionManager.swift in Sources */,
				BDC8DFA226AC2886008310AA /* UIButton.swift in Sources */,
				BD1FB09D26BB1DBD00648B18 /* Date.swift in Sources */,
				BD1FFF3126AB604100EB9AAD /* KeranjangCell.swift in Sources */,
				BD5AC58726A369F400A52336 /* SceneDelegate.swift in Sources */,
				E71B13D326BD6E870023245A /* ProductModel.swift in Sources */,
			);
			runOnlyForDeploymentPostprocessing = 0;
		};
/* End PBXSourcesBuildPhase section */

/* Begin PBXTargetDependency section */
		BD02C9F726D1B4240028AB3B /* PBXTargetDependency */ = {
			isa = PBXTargetDependency;
			target = BD02C9F326D1B4240028AB3B /* iWarung watchOS Extension */;
			targetProxy = BD02C9F626D1B4240028AB3B /* PBXContainerItemProxy */;
		};
		BD02CA0626D1B4250028AB3B /* PBXTargetDependency */ = {
			isa = PBXTargetDependency;
			target = BD02C9E726D1B4230028AB3B /* iWarung watchOS */;
			targetProxy = BD02CA0526D1B4250028AB3B /* PBXContainerItemProxy */;
		};
/* End PBXTargetDependency section */

/* Begin PBXVariantGroup section */
		BD02C9EA26D1B4230028AB3B /* Interface.storyboard */ = {
			isa = PBXVariantGroup;
			children = (
				BD02C9EB26D1B4230028AB3B /* Base */,
			);
			name = Interface.storyboard;
			sourceTree = "<group>";
		};
		BD5AC58A26A369F400A52336 /* Main.storyboard */ = {
			isa = PBXVariantGroup;
			children = (
				BD5AC58B26A369F400A52336 /* Base */,
			);
			name = Main.storyboard;
			sourceTree = "<group>";
		};
		BD5AC59226A369F500A52336 /* LaunchScreen.storyboard */ = {
			isa = PBXVariantGroup;
			children = (
				BD5AC59326A369F500A52336 /* Base */,
			);
			name = LaunchScreen.storyboard;
			sourceTree = "<group>";
		};
/* End PBXVariantGroup section */

/* Begin XCBuildConfiguration section */
		BD02CA0926D1B4250028AB3B /* Debug */ = {
			isa = XCBuildConfiguration;
			buildSettings = {
				ALWAYS_EMBED_SWIFT_STANDARD_LIBRARIES = YES;
				ASSETCATALOG_COMPILER_APPICON_NAME = AppIcon;
				ASSETCATALOG_COMPILER_GLOBAL_ACCENT_COLOR_NAME = AccentColor;
				CODE_SIGN_STYLE = Automatic;
				DEVELOPMENT_TEAM = RMQNS23DVX;
				IBSC_MODULE = iWarung_watchOS_Extension;
				INFOPLIST_FILE = "iWarung watchOS/Info.plist";
				PRODUCT_BUNDLE_IDENTIFIER = com.ilb.iwarung.watchkitapp;
				PRODUCT_NAME = "$(TARGET_NAME)";
				SDKROOT = watchos;
				SKIP_INSTALL = YES;
				SWIFT_VERSION = 5.0;
				TARGETED_DEVICE_FAMILY = 4;
				WATCHOS_DEPLOYMENT_TARGET = 7.4;
			};
			name = Debug;
		};
		BD02CA0A26D1B4250028AB3B /* Release */ = {
			isa = XCBuildConfiguration;
			buildSettings = {
				ALWAYS_EMBED_SWIFT_STANDARD_LIBRARIES = YES;
				ASSETCATALOG_COMPILER_APPICON_NAME = AppIcon;
				ASSETCATALOG_COMPILER_GLOBAL_ACCENT_COLOR_NAME = AccentColor;
				CODE_SIGN_STYLE = Automatic;
				DEVELOPMENT_TEAM = RMQNS23DVX;
				IBSC_MODULE = iWarung_watchOS_Extension;
				INFOPLIST_FILE = "iWarung watchOS/Info.plist";
				PRODUCT_BUNDLE_IDENTIFIER = com.ilb.iwarung.watchkitapp;
				PRODUCT_NAME = "$(TARGET_NAME)";
				SDKROOT = watchos;
				SKIP_INSTALL = YES;
				SWIFT_VERSION = 5.0;
				TARGETED_DEVICE_FAMILY = 4;
				WATCHOS_DEPLOYMENT_TARGET = 7.4;
			};
			name = Release;
		};
		BD02CA0C26D1B4250028AB3B /* Debug */ = {
			isa = XCBuildConfiguration;
			buildSettings = {
				ASSETCATALOG_COMPILER_COMPLICATION_NAME = Complication;
				CODE_SIGN_ENTITLEMENTS = "iWarung watchOS Extension/iWarung watchOS Extension.entitlements";
				CODE_SIGN_STYLE = Automatic;
				DEVELOPMENT_TEAM = RMQNS23DVX;
				INFOPLIST_FILE = "iWarung watchOS Extension/Info.plist";
				LD_RUNPATH_SEARCH_PATHS = (
					"$(inherited)",
					"@executable_path/Frameworks",
					"@executable_path/../../Frameworks",
				);
				PRODUCT_BUNDLE_IDENTIFIER = com.ilb.iwarung.watchkitapp.watchkitextension;
				PRODUCT_NAME = "${TARGET_NAME}";
				SDKROOT = watchos;
				SKIP_INSTALL = YES;
				SWIFT_VERSION = 5.0;
				TARGETED_DEVICE_FAMILY = 4;
				WATCHOS_DEPLOYMENT_TARGET = 7.4;
			};
			name = Debug;
		};
		BD02CA0D26D1B4250028AB3B /* Release */ = {
			isa = XCBuildConfiguration;
			buildSettings = {
				ASSETCATALOG_COMPILER_COMPLICATION_NAME = Complication;
				CODE_SIGN_ENTITLEMENTS = "iWarung watchOS Extension/iWarung watchOS Extension.entitlements";
				CODE_SIGN_STYLE = Automatic;
				DEVELOPMENT_TEAM = RMQNS23DVX;
				INFOPLIST_FILE = "iWarung watchOS Extension/Info.plist";
				LD_RUNPATH_SEARCH_PATHS = (
					"$(inherited)",
					"@executable_path/Frameworks",
					"@executable_path/../../Frameworks",
				);
				PRODUCT_BUNDLE_IDENTIFIER = com.ilb.iwarung.watchkitapp.watchkitextension;
				PRODUCT_NAME = "${TARGET_NAME}";
				SDKROOT = watchos;
				SKIP_INSTALL = YES;
				SWIFT_VERSION = 5.0;
				TARGETED_DEVICE_FAMILY = 4;
				WATCHOS_DEPLOYMENT_TARGET = 7.4;
			};
			name = Release;
		};
		BD5AC59626A369F500A52336 /* Debug */ = {
			isa = XCBuildConfiguration;
			buildSettings = {
				ALWAYS_SEARCH_USER_PATHS = NO;
				CLANG_ANALYZER_NONNULL = YES;
				CLANG_ANALYZER_NUMBER_OBJECT_CONVERSION = YES_AGGRESSIVE;
				CLANG_CXX_LANGUAGE_STANDARD = "gnu++14";
				CLANG_CXX_LIBRARY = "libc++";
				CLANG_ENABLE_MODULES = YES;
				CLANG_ENABLE_OBJC_ARC = YES;
				CLANG_ENABLE_OBJC_WEAK = YES;
				CLANG_WARN_BLOCK_CAPTURE_AUTORELEASING = YES;
				CLANG_WARN_BOOL_CONVERSION = YES;
				CLANG_WARN_COMMA = YES;
				CLANG_WARN_CONSTANT_CONVERSION = YES;
				CLANG_WARN_DEPRECATED_OBJC_IMPLEMENTATIONS = YES;
				CLANG_WARN_DIRECT_OBJC_ISA_USAGE = YES_ERROR;
				CLANG_WARN_DOCUMENTATION_COMMENTS = YES;
				CLANG_WARN_EMPTY_BODY = YES;
				CLANG_WARN_ENUM_CONVERSION = YES;
				CLANG_WARN_INFINITE_RECURSION = YES;
				CLANG_WARN_INT_CONVERSION = YES;
				CLANG_WARN_NON_LITERAL_NULL_CONVERSION = YES;
				CLANG_WARN_OBJC_IMPLICIT_RETAIN_SELF = YES;
				CLANG_WARN_OBJC_LITERAL_CONVERSION = YES;
				CLANG_WARN_OBJC_ROOT_CLASS = YES_ERROR;
				CLANG_WARN_QUOTED_INCLUDE_IN_FRAMEWORK_HEADER = YES;
				CLANG_WARN_RANGE_LOOP_ANALYSIS = YES;
				CLANG_WARN_STRICT_PROTOTYPES = YES;
				CLANG_WARN_SUSPICIOUS_MOVE = YES;
				CLANG_WARN_UNGUARDED_AVAILABILITY = YES_AGGRESSIVE;
				CLANG_WARN_UNREACHABLE_CODE = YES;
				CLANG_WARN__DUPLICATE_METHOD_MATCH = YES;
				COPY_PHASE_STRIP = NO;
				DEBUG_INFORMATION_FORMAT = dwarf;
				ENABLE_STRICT_OBJC_MSGSEND = YES;
				ENABLE_TESTABILITY = YES;
				GCC_C_LANGUAGE_STANDARD = gnu11;
				GCC_DYNAMIC_NO_PIC = NO;
				GCC_NO_COMMON_BLOCKS = YES;
				GCC_OPTIMIZATION_LEVEL = 0;
				GCC_PREPROCESSOR_DEFINITIONS = (
					"DEBUG=1",
					"$(inherited)",
				);
				GCC_WARN_64_TO_32_BIT_CONVERSION = YES;
				GCC_WARN_ABOUT_RETURN_TYPE = YES_ERROR;
				GCC_WARN_UNDECLARED_SELECTOR = YES;
				GCC_WARN_UNINITIALIZED_AUTOS = YES_AGGRESSIVE;
				GCC_WARN_UNUSED_FUNCTION = YES;
				GCC_WARN_UNUSED_VARIABLE = YES;
				IPHONEOS_DEPLOYMENT_TARGET = 14.5;
				MTL_ENABLE_DEBUG_INFO = INCLUDE_SOURCE;
				MTL_FAST_MATH = YES;
				ONLY_ACTIVE_ARCH = YES;
				SDKROOT = iphoneos;
				SWIFT_ACTIVE_COMPILATION_CONDITIONS = DEBUG;
				SWIFT_OPTIMIZATION_LEVEL = "-Onone";
			};
			name = Debug;
		};
		BD5AC59726A369F500A52336 /* Release */ = {
			isa = XCBuildConfiguration;
			buildSettings = {
				ALWAYS_SEARCH_USER_PATHS = NO;
				CLANG_ANALYZER_NONNULL = YES;
				CLANG_ANALYZER_NUMBER_OBJECT_CONVERSION = YES_AGGRESSIVE;
				CLANG_CXX_LANGUAGE_STANDARD = "gnu++14";
				CLANG_CXX_LIBRARY = "libc++";
				CLANG_ENABLE_MODULES = YES;
				CLANG_ENABLE_OBJC_ARC = YES;
				CLANG_ENABLE_OBJC_WEAK = YES;
				CLANG_WARN_BLOCK_CAPTURE_AUTORELEASING = YES;
				CLANG_WARN_BOOL_CONVERSION = YES;
				CLANG_WARN_COMMA = YES;
				CLANG_WARN_CONSTANT_CONVERSION = YES;
				CLANG_WARN_DEPRECATED_OBJC_IMPLEMENTATIONS = YES;
				CLANG_WARN_DIRECT_OBJC_ISA_USAGE = YES_ERROR;
				CLANG_WARN_DOCUMENTATION_COMMENTS = YES;
				CLANG_WARN_EMPTY_BODY = YES;
				CLANG_WARN_ENUM_CONVERSION = YES;
				CLANG_WARN_INFINITE_RECURSION = YES;
				CLANG_WARN_INT_CONVERSION = YES;
				CLANG_WARN_NON_LITERAL_NULL_CONVERSION = YES;
				CLANG_WARN_OBJC_IMPLICIT_RETAIN_SELF = YES;
				CLANG_WARN_OBJC_LITERAL_CONVERSION = YES;
				CLANG_WARN_OBJC_ROOT_CLASS = YES_ERROR;
				CLANG_WARN_QUOTED_INCLUDE_IN_FRAMEWORK_HEADER = YES;
				CLANG_WARN_RANGE_LOOP_ANALYSIS = YES;
				CLANG_WARN_STRICT_PROTOTYPES = YES;
				CLANG_WARN_SUSPICIOUS_MOVE = YES;
				CLANG_WARN_UNGUARDED_AVAILABILITY = YES_AGGRESSIVE;
				CLANG_WARN_UNREACHABLE_CODE = YES;
				CLANG_WARN__DUPLICATE_METHOD_MATCH = YES;
				COPY_PHASE_STRIP = NO;
				DEBUG_INFORMATION_FORMAT = "dwarf-with-dsym";
				ENABLE_NS_ASSERTIONS = NO;
				ENABLE_STRICT_OBJC_MSGSEND = YES;
				GCC_C_LANGUAGE_STANDARD = gnu11;
				GCC_NO_COMMON_BLOCKS = YES;
				GCC_WARN_64_TO_32_BIT_CONVERSION = YES;
				GCC_WARN_ABOUT_RETURN_TYPE = YES_ERROR;
				GCC_WARN_UNDECLARED_SELECTOR = YES;
				GCC_WARN_UNINITIALIZED_AUTOS = YES_AGGRESSIVE;
				GCC_WARN_UNUSED_FUNCTION = YES;
				GCC_WARN_UNUSED_VARIABLE = YES;
				IPHONEOS_DEPLOYMENT_TARGET = 14.5;
				MTL_ENABLE_DEBUG_INFO = NO;
				MTL_FAST_MATH = YES;
				SDKROOT = iphoneos;
				SWIFT_COMPILATION_MODE = wholemodule;
				SWIFT_OPTIMIZATION_LEVEL = "-O";
				VALIDATE_PRODUCT = YES;
			};
			name = Release;
		};
		BD5AC59926A369F500A52336 /* Debug */ = {
			isa = XCBuildConfiguration;
			buildSettings = {
				ASSETCATALOG_COMPILER_APPICON_NAME = AppIcon;
				ASSETCATALOG_COMPILER_GLOBAL_ACCENT_COLOR_NAME = AccentColor;
				CODE_SIGN_ENTITLEMENTS = iWarung/iWarung.entitlements;
				CODE_SIGN_STYLE = Automatic;
				DEVELOPMENT_TEAM = RMQNS23DVX;
				INFOPLIST_FILE = iWarung/Info.plist;
				LD_RUNPATH_SEARCH_PATHS = (
					"$(inherited)",
					"@executable_path/Frameworks",
				);
				MARKETING_VERSION = 2.0;
				PRODUCT_BUNDLE_IDENTIFIER = com.ilb.iwarung;
				PRODUCT_NAME = "$(TARGET_NAME)";
				SWIFT_VERSION = 5.0;
				TARGETED_DEVICE_FAMILY = "1,2";
			};
			name = Debug;
		};
		BD5AC59A26A369F500A52336 /* Release */ = {
			isa = XCBuildConfiguration;
			buildSettings = {
				ASSETCATALOG_COMPILER_APPICON_NAME = AppIcon;
				ASSETCATALOG_COMPILER_GLOBAL_ACCENT_COLOR_NAME = AccentColor;
				CODE_SIGN_ENTITLEMENTS = iWarung/iWarung.entitlements;
				CODE_SIGN_STYLE = Automatic;
				DEVELOPMENT_TEAM = RMQNS23DVX;
				INFOPLIST_FILE = iWarung/Info.plist;
				LD_RUNPATH_SEARCH_PATHS = (
					"$(inherited)",
					"@executable_path/Frameworks",
				);
				MARKETING_VERSION = 2.0;
				PRODUCT_BUNDLE_IDENTIFIER = com.ilb.iwarung;
				PRODUCT_NAME = "$(TARGET_NAME)";
				SWIFT_VERSION = 5.0;
				TARGETED_DEVICE_FAMILY = "1,2";
			};
			name = Release;
		};
/* End XCBuildConfiguration section */

/* Begin XCConfigurationList section */
		BD02CA0E26D1B4250028AB3B /* Build configuration list for PBXNativeTarget "iWarung watchOS Extension" */ = {
			isa = XCConfigurationList;
			buildConfigurations = (
				BD02CA0C26D1B4250028AB3B /* Debug */,
				BD02CA0D26D1B4250028AB3B /* Release */,
			);
			defaultConfigurationIsVisible = 0;
			defaultConfigurationName = Release;
		};
		BD02CA0F26D1B4250028AB3B /* Build configuration list for PBXNativeTarget "iWarung watchOS" */ = {
			isa = XCConfigurationList;
			buildConfigurations = (
				BD02CA0926D1B4250028AB3B /* Debug */,
				BD02CA0A26D1B4250028AB3B /* Release */,
			);
			defaultConfigurationIsVisible = 0;
			defaultConfigurationName = Release;
		};
		BD5AC57C26A369F400A52336 /* Build configuration list for PBXProject "iWarung" */ = {
			isa = XCConfigurationList;
			buildConfigurations = (
				BD5AC59626A369F500A52336 /* Debug */,
				BD5AC59726A369F500A52336 /* Release */,
			);
			defaultConfigurationIsVisible = 0;
			defaultConfigurationName = Release;
		};
		BD5AC59826A369F500A52336 /* Build configuration list for PBXNativeTarget "iWarung" */ = {
			isa = XCConfigurationList;
			buildConfigurations = (
				BD5AC59926A369F500A52336 /* Debug */,
				BD5AC59A26A369F500A52336 /* Release */,
			);
			defaultConfigurationIsVisible = 0;
			defaultConfigurationName = Release;
		};
/* End XCConfigurationList section */

/* Begin XCVersionGroup section */
		BD5AC58D26A369F400A52336 /* iWarung.xcdatamodeld */ = {
			isa = XCVersionGroup;
			children = (
				BD5AC58E26A369F400A52336 /* iWarung.xcdatamodel */,
			);
			currentVersion = BD5AC58E26A369F400A52336 /* iWarung.xcdatamodel */;
			path = iWarung.xcdatamodeld;
			sourceTree = "<group>";
			versionGroupType = wrapper.xcdatamodel;
		};
/* End XCVersionGroup section */
	};
	rootObject = BD5AC57926A369F400A52336 /* Project object */;
}
